{
  "name": "bs-react-native-mixpanel",
  "version": "0.1.0",
  "lockfileVersion": 1,
  "requires": true,
  "dependencies": {
    "bs-platform": {
      "version": "2.2.3",
      "dev": true
    },
    "react-native-mixpanel": {
      "version": "1.1.1",
      "resolved": "https://registry.npmjs.org/react-native-mixpanel/-/react-native-mixpanel-1.1.1.tgz",
      "integrity": "sha512-jjCYGri9xQ+NO5lu9RCm+hH/u9dP++4VPhUe6O8smUiJtqhBVwQtDn+iJM/NBBQwBVq5SKaDipbYdgOHdJT2WQ=="
    }
  }
}
